
Microsoft Visual Studio Solution File, Format Version 12.00
# Visual Studio 2013
VisualStudioVersion = 12.0.31101.0
MinimumVisualStudioVersion = 10.0.40219.1
Project("{FAE04EC0-301F-11D3-BF4B-00C04F79EFBC}") = "Synthesis", "Source\Synthesis\Synthesis.csproj", "{EBAE2C10-079D-4EB1-9E46-82CEC35D7F4B}"
EndProject
Project("{FAE04EC0-301F-11D3-BF4B-00C04F79EFBC}") = "Synthesis.Tests", "Source\Synthesis.Tests\Synthesis.Tests.csproj", "{CC01C529-5740-4827-A544-918CE0F327F0}"
EndProject
Project("{FAE04EC0-301F-11D3-BF4B-00C04F79EFBC}") = "Synthesis.Testing", "Source\Synthesis.Testing\Synthesis.Testing.csproj", "{3482B71D-81B1-4643-815E-342318CE9FCD}"
EndProject
Project("{FAE04EC0-301F-11D3-BF4B-00C04F79EFBC}") = "Synthesis.Mvc", "Source\Synthesis.Mvc\Synthesis.Mvc.csproj", "{97C803D2-5E32-4D5C-8ECB-EE49D759A953}"
EndProject
Global
	GlobalSection(SolutionConfigurationPlatforms) = preSolution
		Debug|Any CPU = Debug|Any CPU
		Release|Any CPU = Release|Any CPU
	EndGlobalSection
	GlobalSection(ProjectConfigurationPlatforms) = postSolution
		{EBAE2C10-079D-4EB1-9E46-82CEC35D7F4B}.Debug|Any CPU.ActiveCfg = Debug|Any CPU
		{EBAE2C10-079D-4EB1-9E46-82CEC35D7F4B}.Debug|Any CPU.Build.0 = Debug|Any CPU
		{EBAE2C10-079D-4EB1-9E46-82CEC35D7F4B}.Release|Any CPU.ActiveCfg = Release|Any CPU
		{EBAE2C10-079D-4EB1-9E46-82CEC35D7F4B}.Release|Any CPU.Build.0 = Release|Any CPU
		{CC01C529-5740-4827-A544-918CE0F327F0}.Debug|Any CPU.ActiveCfg = Debug|Any CPU
		{CC01C529-5740-4827-A544-918CE0F327F0}.Debug|Any CPU.Build.0 = Debug|Any CPU
		{CC01C529-5740-4827-A544-918CE0F327F0}.Release|Any CPU.ActiveCfg = Release|Any CPU
		{CC01C529-5740-4827-A544-918CE0F327F0}.Release|Any CPU.Build.0 = Release|Any CPU
		{3482B71D-81B1-4643-815E-342318CE9FCD}.Debug|Any CPU.ActiveCfg = Debug|Any CPU
		{3482B71D-81B1-4643-815E-342318CE9FCD}.Debug|Any CPU.Build.0 = Debug|Any CPU
		{3482B71D-81B1-4643-815E-342318CE9FCD}.Release|Any CPU.ActiveCfg = Release|Any CPU
		{3482B71D-81B1-4643-815E-342318CE9FCD}.Release|Any CPU.Build.0 = Release|Any CPU
		{97C803D2-5E32-4D5C-8ECB-EE49D759A953}.Debug|Any CPU.ActiveCfg = Debug|Any CPU
		{97C803D2-5E32-4D5C-8ECB-EE49D759A953}.Debug|Any CPU.Build.0 = Debug|Any CPU
		{97C803D2-5E32-4D5C-8ECB-EE49D759A953}.Release|Any CPU.ActiveCfg = Release|Any CPU
		{97C803D2-5E32-4D5C-8ECB-EE49D759A953}.Release|Any CPU.Build.0 = Release|Any CPU
	EndGlobalSection
	GlobalSection(SolutionProperties) = preSolution
		HideSolutionNode = FALSE
	EndGlobalSection
EndGlobal
